
Microsoft Visual Studio Solution File, Format Version 12.00
# Visual Studio 15
VisualStudioVersion = 15.0.26403.7
MinimumVisualStudioVersion = 10.0.40219.1
Project("{FAE04EC0-301F-11D3-BF4B-00C04F79EFBC}") = "Plugin.NetStandardStorage2", "Plugin.NetStandardStorage2\Plugin.NetStandardStorage2.csproj", "{A78B2984-75A2-4716-9C7C-BD0D0617DF50}"
EndProject
Global
	GlobalSection(SolutionConfigurationPlatforms) = preSolution
		Debug|Any CPU = Debug|Any CPU
		Debug|ARM = Debug|ARM
		Debug|x64 = Debug|x64
		Debug|x86 = Debug|x86
		Release|Any CPU = Release|Any CPU
		Release|ARM = Release|ARM
		Release|x64 = Release|x64
		Release|x86 = Release|x86
	EndGlobalSection
	GlobalSection(ProjectConfigurationPlatforms) = postSolution
		{A78B2984-75A2-4716-9C7C-BD0D0617DF50}.Debug|Any CPU.ActiveCfg = Debug|Any CPU
		{A78B2984-75A2-4716-9C7C-BD0D0617DF50}.Debug|Any CPU.Build.0 = Debug|Any CPU
		{A78B2984-75A2-4716-9C7C-BD0D0617DF50}.Debug|ARM.ActiveCfg = Debug|Any CPU
		{A78B2984-75A2-4716-9C7C-BD0D0617DF50}.Debug|ARM.Build.0 = Debug|Any CPU
		{A78B2984-75A2-4716-9C7C-BD0D0617DF50}.Debug|x64.ActiveCfg = Debug|Any CPU
		{A78B2984-75A2-4716-9C7C-BD0D0617DF50}.Debug|x64.Build.0 = Debug|Any CPU
		{A78B2984-75A2-4716-9C7C-BD0D0617DF50}.Debug|x86.ActiveCfg = Debug|Any CPU
		{A78B2984-75A2-4716-9C7C-BD0D0617DF50}.Debug|x86.Build.0 = Debug|Any CPU
		{A78B2984-75A2-4716-9C7C-BD0D0617DF50}.Release|Any CPU.ActiveCfg = Release|Any CPU
		{A78B2984-75A2-4716-9C7C-BD0D0617DF50}.Release|Any CPU.Build.0 = Release|Any CPU
		{A78B2984-75A2-4716-9C7C-BD0D0617DF50}.Release|ARM.ActiveCfg = Release|Any CPU
		{A78B2984-75A2-4716-9C7C-BD0D0617DF50}.Release|ARM.Build.0 = Release|Any CPU
		{A78B2984-75A2-4716-9C7C-BD0D0617DF50}.Release|x64.ActiveCfg = Release|Any CPU
		{A78B2984-75A2-4716-9C7C-BD0D0617DF50}.Release|x64.Build.0 = Release|Any CPU
		{A78B2984-75A2-4716-9C7C-BD0D0617DF50}.Release|x86.ActiveCfg = Release|Any CPU
		{A78B2984-75A2-4716-9C7C-BD0D0617DF50}.Release|x86.Build.0 = Release|Any CPU
	EndGlobalSection
	GlobalSection(SolutionProperties) = preSolution
		HideSolutionNode = FALSE
	EndGlobalSection
	GlobalSection(ExtensibilityGlobals) = postSolution
		SolutionGuid = {4674DABE-12DC-48A2-873A-7D2C2E4582D6}
	EndGlobalSection
EndGlobal
