
Microsoft Visual Studio Solution File, Format Version 12.00
# Visual Studio 15
VisualStudioVersion = 15.0.26403.7
MinimumVisualStudioVersion = 10.0.40219.1
Project("{FAE04EC0-301F-11D3-BF4B-00C04F79EFBC}") = "Plugin.NetStandardStorage.UWP", "Plugin.NetStandardStorage.UWP\Plugin.NetStandardStorage.UWP.csproj", "{43D6917B-6ADD-4ECB-80A8-20DE561195AC}"
EndProject
Project("{FAE04EC0-301F-11D3-BF4B-00C04F79EFBC}") = "Plugin.NetStandardStorage.Android", "Plugin.NetStandardStorage.Android\Plugin.NetStandardStorage.Android.csproj", "{593EA4B0-BDF6-42B0-9959-0A04015F6BFB}"
EndProject
Project("{FAE04EC0-301F-11D3-BF4B-00C04F79EFBC}") = "Plugin.NetStandardStorage.iOS", "Plugin.NetStandardStorage.iOS\Plugin.NetStandardStorage.iOS.csproj", "{66656315-5FFD-428B-A9D4-53B7BD9E7B06}"
EndProject
Project("{9A19103F-16F7-4668-BE54-9A1E7A4F7556}") = "Plugin.NetStandardStorage", "Plugin.NetStandardStorage\Plugin.NetStandardStorage.csproj", "{AE3F739E-8381-4D9C-BABC-79807A97DE24}"
EndProject
Project("{2150E333-8FDC-42A3-9474-1A3956D46DE8}") = "_Tests", "_Tests", "{DCAB25C8-D545-4046-8AE7-8978916A9B50}"
EndProject
Project("{9A19103F-16F7-4668-BE54-9A1E7A4F7556}") = "Plugin.NetStandardStorage.Tests", "Plugin.NetStandardStorage.Tests\Plugin.NetStandardStorage.Tests.csproj", "{064A68E5-C3AA-432D-9C20-089426CEFA15}"
EndProject
Project("{9A19103F-16F7-4668-BE54-9A1E7A4F7556}") = "Plugin.NetStandardStorage.Nuget.Tests", "Plugin.NetStandardStorage.Tests\Plugin.NetStandardStorage.Nuget.Tests.csproj", "{29601B95-88A6-4A71-AED7-4F20353D4158}"
EndProject
Global
	GlobalSection(SolutionConfigurationPlatforms) = preSolution
		Debug|Any CPU = Debug|Any CPU
		Debug|ARM = Debug|ARM
		Debug|x64 = Debug|x64
		Debug|x86 = Debug|x86
		Release|Any CPU = Release|Any CPU
		Release|ARM = Release|ARM
		Release|x64 = Release|x64
		Release|x86 = Release|x86
	EndGlobalSection
	GlobalSection(ProjectConfigurationPlatforms) = postSolution
		{43D6917B-6ADD-4ECB-80A8-20DE561195AC}.Debug|Any CPU.ActiveCfg = Debug|Any CPU
		{43D6917B-6ADD-4ECB-80A8-20DE561195AC}.Debug|Any CPU.Build.0 = Debug|Any CPU
		{43D6917B-6ADD-4ECB-80A8-20DE561195AC}.Debug|ARM.ActiveCfg = Debug|ARM
		{43D6917B-6ADD-4ECB-80A8-20DE561195AC}.Debug|ARM.Build.0 = Debug|ARM
		{43D6917B-6ADD-4ECB-80A8-20DE561195AC}.Debug|x64.ActiveCfg = Debug|x64
		{43D6917B-6ADD-4ECB-80A8-20DE561195AC}.Debug|x64.Build.0 = Debug|x64
		{43D6917B-6ADD-4ECB-80A8-20DE561195AC}.Debug|x86.ActiveCfg = Debug|x86
		{43D6917B-6ADD-4ECB-80A8-20DE561195AC}.Debug|x86.Build.0 = Debug|x86
		{43D6917B-6ADD-4ECB-80A8-20DE561195AC}.Release|Any CPU.ActiveCfg = Release|Any CPU
		{43D6917B-6ADD-4ECB-80A8-20DE561195AC}.Release|Any CPU.Build.0 = Release|Any CPU
		{43D6917B-6ADD-4ECB-80A8-20DE561195AC}.Release|ARM.ActiveCfg = Release|ARM
		{43D6917B-6ADD-4ECB-80A8-20DE561195AC}.Release|ARM.Build.0 = Release|ARM
		{43D6917B-6ADD-4ECB-80A8-20DE561195AC}.Release|x64.ActiveCfg = Release|x64
		{43D6917B-6ADD-4ECB-80A8-20DE561195AC}.Release|x64.Build.0 = Release|x64
		{43D6917B-6ADD-4ECB-80A8-20DE561195AC}.Release|x86.ActiveCfg = Release|x86
		{43D6917B-6ADD-4ECB-80A8-20DE561195AC}.Release|x86.Build.0 = Release|x86
		{593EA4B0-BDF6-42B0-9959-0A04015F6BFB}.Debug|Any CPU.ActiveCfg = Debug|Any CPU
		{593EA4B0-BDF6-42B0-9959-0A04015F6BFB}.Debug|Any CPU.Build.0 = Debug|Any CPU
		{593EA4B0-BDF6-42B0-9959-0A04015F6BFB}.Debug|ARM.ActiveCfg = Debug|Any CPU
		{593EA4B0-BDF6-42B0-9959-0A04015F6BFB}.Debug|ARM.Build.0 = Debug|Any CPU
		{593EA4B0-BDF6-42B0-9959-0A04015F6BFB}.Debug|x64.ActiveCfg = Debug|Any CPU
		{593EA4B0-BDF6-42B0-9959-0A04015F6BFB}.Debug|x64.Build.0 = Debug|Any CPU
		{593EA4B0-BDF6-42B0-9959-0A04015F6BFB}.Debug|x86.ActiveCfg = Debug|Any CPU
		{593EA4B0-BDF6-42B0-9959-0A04015F6BFB}.Debug|x86.Build.0 = Debug|Any CPU
		{593EA4B0-BDF6-42B0-9959-0A04015F6BFB}.Release|Any CPU.ActiveCfg = Release|Any CPU
		{593EA4B0-BDF6-42B0-9959-0A04015F6BFB}.Release|Any CPU.Build.0 = Release|Any CPU
		{593EA4B0-BDF6-42B0-9959-0A04015F6BFB}.Release|ARM.ActiveCfg = Release|Any CPU
		{593EA4B0-BDF6-42B0-9959-0A04015F6BFB}.Release|ARM.Build.0 = Release|Any CPU
		{593EA4B0-BDF6-42B0-9959-0A04015F6BFB}.Release|x64.ActiveCfg = Release|Any CPU
		{593EA4B0-BDF6-42B0-9959-0A04015F6BFB}.Release|x64.Build.0 = Release|Any CPU
		{593EA4B0-BDF6-42B0-9959-0A04015F6BFB}.Release|x86.ActiveCfg = Release|Any CPU
		{593EA4B0-BDF6-42B0-9959-0A04015F6BFB}.Release|x86.Build.0 = Release|Any CPU
		{66656315-5FFD-428B-A9D4-53B7BD9E7B06}.Debug|Any CPU.ActiveCfg = Debug|Any CPU
		{66656315-5FFD-428B-A9D4-53B7BD9E7B06}.Debug|Any CPU.Build.0 = Debug|Any CPU
		{66656315-5FFD-428B-A9D4-53B7BD9E7B06}.Debug|ARM.ActiveCfg = Debug|Any CPU
		{66656315-5FFD-428B-A9D4-53B7BD9E7B06}.Debug|ARM.Build.0 = Debug|Any CPU
		{66656315-5FFD-428B-A9D4-53B7BD9E7B06}.Debug|x64.ActiveCfg = Debug|Any CPU
		{66656315-5FFD-428B-A9D4-53B7BD9E7B06}.Debug|x64.Build.0 = Debug|Any CPU
		{66656315-5FFD-428B-A9D4-53B7BD9E7B06}.Debug|x86.ActiveCfg = Debug|Any CPU
		{66656315-5FFD-428B-A9D4-53B7BD9E7B06}.Debug|x86.Build.0 = Debug|Any CPU
		{66656315-5FFD-428B-A9D4-53B7BD9E7B06}.Release|Any CPU.ActiveCfg = Release|Any CPU
		{66656315-5FFD-428B-A9D4-53B7BD9E7B06}.Release|Any CPU.Build.0 = Release|Any CPU
		{66656315-5FFD-428B-A9D4-53B7BD9E7B06}.Release|ARM.ActiveCfg = Release|Any CPU
		{66656315-5FFD-428B-A9D4-53B7BD9E7B06}.Release|ARM.Build.0 = Release|Any CPU
		{66656315-5FFD-428B-A9D4-53B7BD9E7B06}.Release|x64.ActiveCfg = Release|Any CPU
		{66656315-5FFD-428B-A9D4-53B7BD9E7B06}.Release|x64.Build.0 = Release|Any CPU
		{66656315-5FFD-428B-A9D4-53B7BD9E7B06}.Release|x86.ActiveCfg = Release|Any CPU
		{66656315-5FFD-428B-A9D4-53B7BD9E7B06}.Release|x86.Build.0 = Release|Any CPU
		{AE3F739E-8381-4D9C-BABC-79807A97DE24}.Debug|Any CPU.ActiveCfg = Debug|Any CPU
		{AE3F739E-8381-4D9C-BABC-79807A97DE24}.Debug|Any CPU.Build.0 = Debug|Any CPU
		{AE3F739E-8381-4D9C-BABC-79807A97DE24}.Debug|ARM.ActiveCfg = Debug|Any CPU
		{AE3F739E-8381-4D9C-BABC-79807A97DE24}.Debug|ARM.Build.0 = Debug|Any CPU
		{AE3F739E-8381-4D9C-BABC-79807A97DE24}.Debug|x64.ActiveCfg = Debug|Any CPU
		{AE3F739E-8381-4D9C-BABC-79807A97DE24}.Debug|x64.Build.0 = Debug|Any CPU
		{AE3F739E-8381-4D9C-BABC-79807A97DE24}.Debug|x86.ActiveCfg = Debug|Any CPU
		{AE3F739E-8381-4D9C-BABC-79807A97DE24}.Debug|x86.Build.0 = Debug|Any CPU
		{AE3F739E-8381-4D9C-BABC-79807A97DE24}.Release|Any CPU.ActiveCfg = Release|Any CPU
		{AE3F739E-8381-4D9C-BABC-79807A97DE24}.Release|Any CPU.Build.0 = Release|Any CPU
		{AE3F739E-8381-4D9C-BABC-79807A97DE24}.Release|ARM.ActiveCfg = Release|Any CPU
		{AE3F739E-8381-4D9C-BABC-79807A97DE24}.Release|ARM.Build.0 = Release|Any CPU
		{AE3F739E-8381-4D9C-BABC-79807A97DE24}.Release|x64.ActiveCfg = Release|Any CPU
		{AE3F739E-8381-4D9C-BABC-79807A97DE24}.Release|x64.Build.0 = Release|Any CPU
		{AE3F739E-8381-4D9C-BABC-79807A97DE24}.Release|x86.ActiveCfg = Release|Any CPU
		{AE3F739E-8381-4D9C-BABC-79807A97DE24}.Release|x86.Build.0 = Release|Any CPU
		{064A68E5-C3AA-432D-9C20-089426CEFA15}.Debug|Any CPU.ActiveCfg = Debug|Any CPU
		{064A68E5-C3AA-432D-9C20-089426CEFA15}.Debug|Any CPU.Build.0 = Debug|Any CPU
		{064A68E5-C3AA-432D-9C20-089426CEFA15}.Debug|ARM.ActiveCfg = Debug|Any CPU
		{064A68E5-C3AA-432D-9C20-089426CEFA15}.Debug|ARM.Build.0 = Debug|Any CPU
		{064A68E5-C3AA-432D-9C20-089426CEFA15}.Debug|x64.ActiveCfg = Debug|Any CPU
		{064A68E5-C3AA-432D-9C20-089426CEFA15}.Debug|x64.Build.0 = Debug|Any CPU
		{064A68E5-C3AA-432D-9C20-089426CEFA15}.Debug|x86.ActiveCfg = Debug|Any CPU
		{064A68E5-C3AA-432D-9C20-089426CEFA15}.Debug|x86.Build.0 = Debug|Any CPU
		{064A68E5-C3AA-432D-9C20-089426CEFA15}.Release|Any CPU.ActiveCfg = Release|Any CPU
		{064A68E5-C3AA-432D-9C20-089426CEFA15}.Release|Any CPU.Build.0 = Release|Any CPU
		{064A68E5-C3AA-432D-9C20-089426CEFA15}.Release|ARM.ActiveCfg = Release|Any CPU
		{064A68E5-C3AA-432D-9C20-089426CEFA15}.Release|ARM.Build.0 = Release|Any CPU
		{064A68E5-C3AA-432D-9C20-089426CEFA15}.Release|x64.ActiveCfg = Release|Any CPU
		{064A68E5-C3AA-432D-9C20-089426CEFA15}.Release|x64.Build.0 = Release|Any CPU
		{064A68E5-C3AA-432D-9C20-089426CEFA15}.Release|x86.ActiveCfg = Release|Any CPU
		{064A68E5-C3AA-432D-9C20-089426CEFA15}.Release|x86.Build.0 = Release|Any CPU
		{29601B95-88A6-4A71-AED7-4F20353D4158}.Debug|Any CPU.ActiveCfg = Debug|Any CPU
		{29601B95-88A6-4A71-AED7-4F20353D4158}.Debug|Any CPU.Build.0 = Debug|Any CPU
		{29601B95-88A6-4A71-AED7-4F20353D4158}.Debug|ARM.ActiveCfg = Debug|Any CPU
		{29601B95-88A6-4A71-AED7-4F20353D4158}.Debug|ARM.Build.0 = Debug|Any CPU
		{29601B95-88A6-4A71-AED7-4F20353D4158}.Debug|x64.ActiveCfg = Debug|Any CPU
		{29601B95-88A6-4A71-AED7-4F20353D4158}.Debug|x64.Build.0 = Debug|Any CPU
		{29601B95-88A6-4A71-AED7-4F20353D4158}.Debug|x86.ActiveCfg = Debug|Any CPU
		{29601B95-88A6-4A71-AED7-4F20353D4158}.Debug|x86.Build.0 = Debug|Any CPU
		{29601B95-88A6-4A71-AED7-4F20353D4158}.Release|Any CPU.ActiveCfg = Release|Any CPU
		{29601B95-88A6-4A71-AED7-4F20353D4158}.Release|Any CPU.Build.0 = Release|Any CPU
		{29601B95-88A6-4A71-AED7-4F20353D4158}.Release|ARM.ActiveCfg = Release|Any CPU
		{29601B95-88A6-4A71-AED7-4F20353D4158}.Release|ARM.Build.0 = Release|Any CPU
		{29601B95-88A6-4A71-AED7-4F20353D4158}.Release|x64.ActiveCfg = Release|Any CPU
		{29601B95-88A6-4A71-AED7-4F20353D4158}.Release|x64.Build.0 = Release|Any CPU
		{29601B95-88A6-4A71-AED7-4F20353D4158}.Release|x86.ActiveCfg = Release|Any CPU
		{29601B95-88A6-4A71-AED7-4F20353D4158}.Release|x86.Build.0 = Release|Any CPU
	EndGlobalSection
	GlobalSection(SolutionProperties) = preSolution
		HideSolutionNode = FALSE
	EndGlobalSection
	GlobalSection(NestedProjects) = preSolution
		{064A68E5-C3AA-432D-9C20-089426CEFA15} = {DCAB25C8-D545-4046-8AE7-8978916A9B50}
		{29601B95-88A6-4A71-AED7-4F20353D4158} = {DCAB25C8-D545-4046-8AE7-8978916A9B50}
	EndGlobalSection
	GlobalSection(ExtensibilityGlobals) = postSolution
		SolutionGuid = {65BB0942-E905-4A05-A451-8966F5CE28B1}
	EndGlobalSection
EndGlobal
